
Microsoft Visual Studio Solution File, Format Version 12.00
# Visual Studio Version 17
VisualStudioVersion = 17.5.002.0
MinimumVisualStudioVersion = 10.0.40219.1
Project("{9A19103F-16F7-4668-BE54-9A1E7A4F7556}") = "MyOnlineLearningApp", "MyOnlineLearningApp.csproj", "{E4261FA2-ECD7-459A-8FE7-14E6B941AABA}"
EndProject
Global
	GlobalSection(SolutionConfigurationPlatforms) = preSolution
		Debug|Any CPU = Debug|Any CPU
		Release|Any CPU = Release|Any CPU
	EndGlobalSection
	GlobalSection(ProjectConfigurationPlatforms) = postSolution
		{E4261FA2-ECD7-459A-8FE7-14E6B941AABA}.Debug|Any CPU.ActiveCfg = Debug|Any CPU
		{E4261FA2-ECD7-459A-8FE7-14E6B941AABA}.Debug|Any CPU.Build.0 = Debug|Any CPU
		{E4261FA2-ECD7-459A-8FE7-14E6B941AABA}.Release|Any CPU.ActiveCfg = Release|Any CPU
		{E4261FA2-ECD7-459A-8FE7-14E6B941AABA}.Release|Any CPU.Build.0 = Release|Any CPU
	EndGlobalSection
	GlobalSection(SolutionProperties) = preSolution
		HideSolutionNode = FALSE
	EndGlobalSection
	GlobalSection(ExtensibilityGlobals) = postSolution
		SolutionGuid = {6340D52A-7336-4CF5-B923-080515B8F503}
	EndGlobalSection
EndGlobal
